
Microsoft Visual Studio Solution File, Format Version 12.00
# Visual Studio 14
VisualStudioVersion = 14.0.25420.1
MinimumVisualStudioVersion = 10.0.40219.1
Project("{FAE04EC0-301F-11D3-BF4B-00C04F79EFBC}") = "Lab8_Batting", "Lab8_Batting\Lab8_Batting.csproj", "{5BD4EAC1-18B1-4D0F-82E9-717C1DC3B9FD}"
EndProject
Project("{FAE04EC0-301F-11D3-BF4B-00C04F79EFBC}") = "Lab8_BattingTest", "Lab8_BattingTest\Lab8_BattingTest.csproj", "{CE84D775-D991-43A9-BB91-257FDAE65645}"
EndProject
Global
	GlobalSection(SolutionConfigurationPlatforms) = preSolution
		Debug|Any CPU = Debug|Any CPU
		Release|Any CPU = Release|Any CPU
	EndGlobalSection
	GlobalSection(ProjectConfigurationPlatforms) = postSolution
		{5BD4EAC1-18B1-4D0F-82E9-717C1DC3B9FD}.Debug|Any CPU.ActiveCfg = Debug|Any CPU
		{5BD4EAC1-18B1-4D0F-82E9-717C1DC3B9FD}.Debug|Any CPU.Build.0 = Debug|Any CPU
		{5BD4EAC1-18B1-4D0F-82E9-717C1DC3B9FD}.Release|Any CPU.ActiveCfg = Release|Any CPU
		{5BD4EAC1-18B1-4D0F-82E9-717C1DC3B9FD}.Release|Any CPU.Build.0 = Release|Any CPU
		{CE84D775-D991-43A9-BB91-257FDAE65645}.Debug|Any CPU.ActiveCfg = Debug|Any CPU
		{CE84D775-D991-43A9-BB91-257FDAE65645}.Debug|Any CPU.Build.0 = Debug|Any CPU
		{CE84D775-D991-43A9-BB91-257FDAE65645}.Release|Any CPU.ActiveCfg = Release|Any CPU
		{CE84D775-D991-43A9-BB91-257FDAE65645}.Release|Any CPU.Build.0 = Release|Any CPU
	EndGlobalSection
	GlobalSection(SolutionProperties) = preSolution
		HideSolutionNode = FALSE
	EndGlobalSection
EndGlobal
